
Microsoft Visual Studio Solution File, Format Version 12.00
# Visual Studio Version 17
VisualStudioVersion = 17.14.36518.9 d17.14
MinimumVisualStudioVersion = 10.0.40219.1
Project("{FAE04EC0-301F-11D3-BF4B-00C04F79EFBC}") = "Day12Lab_TH1", "Day12Lab_TH1\Day12Lab_TH1.csproj", "{7546D395-B9D6-4517-9868-861556410EB5}"
EndProject
Global
	GlobalSection(SolutionConfigurationPlatforms) = preSolution
		Debug|Any CPU = Debug|Any CPU
		Release|Any CPU = Release|Any CPU
	EndGlobalSection
	GlobalSection(ProjectConfigurationPlatforms) = postSolution
		{7546D395-B9D6-4517-9868-861556410EB5}.Debug|Any CPU.ActiveCfg = Debug|Any CPU
		{7546D395-B9D6-4517-9868-861556410EB5}.Debug|Any CPU.Build.0 = Debug|Any CPU
		{7546D395-B9D6-4517-9868-861556410EB5}.Release|Any CPU.ActiveCfg = Release|Any CPU
		{7546D395-B9D6-4517-9868-861556410EB5}.Release|Any CPU.Build.0 = Release|Any CPU
	EndGlobalSection
	GlobalSection(SolutionProperties) = preSolution
		HideSolutionNode = FALSE
	EndGlobalSection
	GlobalSection(ExtensibilityGlobals) = postSolution
		SolutionGuid = {7F1B552D-B01F-4B2C-B751-E1FE6C33DAB6}
	EndGlobalSection
EndGlobal
